
Microsoft Visual Studio Solution File, Format Version 12.00
# Visual Studio 15
VisualStudioVersion = 15.0.27428.2037
MinimumVisualStudioVersion = 10.0.40219.1
Project("{9A19103F-16F7-4668-BE54-9A1E7A4F7556}") = "Ledger.Companies.Domain", "src\Company Data Context\Ledger.Companies.Domain\Ledger.Companies.Domain.csproj", "{5494EB22-68EF-41A0-879F-CD74AFB92321}"
EndProject
Project("{9A19103F-16F7-4668-BE54-9A1E7A4F7556}") = "Ledger.Companies.Data", "src\Company Data Context\Ledger.Companies.Data\Ledger.Companies.Data.csproj", "{D42BC63E-E33E-4556-B009-923F9E068D54}"
EndProject
Project("{9A19103F-16F7-4668-BE54-9A1E7A4F7556}") = "Ledger.Companies.Application", "src\Company Data Context\Ledger.Companies.Application\Ledger.Companies.Application.csproj", "{1662392A-47F5-436C-861F-75294708618F}"
EndProject
Project("{2150E333-8FDC-42A3-9474-1A3956D46DE8}") = "Company Data Context", "Company Data Context", "{F68358E8-8797-4ABB-9C50-09FDF74091B5}"
EndProject
Project("{2150E333-8FDC-42A3-9474-1A3956D46DE8}") = "Shared Kernel", "Shared Kernel", "{9CD8EB02-5B29-4940-8912-9DD324AFAD16}"
EndProject
Project("{9A19103F-16F7-4668-BE54-9A1E7A4F7556}") = "Ledger.Shared", "src\Shared Kernel\Ledger.Shared\Ledger.Shared.csproj", "{70F3DD70-0BD6-49B1-98D0-0A7FE731B636}"
EndProject
Project("{9A19103F-16F7-4668-BE54-9A1E7A4F7556}") = "Ledger.Companies.Tests", "src\Company Data Context\Ledger.Companies.Tests\Ledger.Companies.Tests.csproj", "{283646F2-7485-46A0-BF88-E3947F5781C2}"
EndProject
Project("{2150E333-8FDC-42A3-9474-1A3956D46DE8}") = "Company Activation Context", "Company Activation Context", "{0D386AF9-5537-4081-B9AF-FF95012D202A}"
EndProject
Project("{9A19103F-16F7-4668-BE54-9A1E7A4F7556}") = "Ledger.Activations.Tests", "src\Company Activation Context\Ledger.Activations.Tests\Ledger.Activations.Tests.csproj", "{897BC4C9-1315-4AA4-9C09-D819DD7EF57B}"
EndProject
Project("{9A19103F-16F7-4668-BE54-9A1E7A4F7556}") = "Ledger.Activations.Domain", "src\Company Activation Context\Ledger.Activations.Domain\Ledger.Activations.Domain.csproj", "{DAAAF050-5B40-4FF2-821D-8D6C7F627CAE}"
EndProject
Project("{9A19103F-16F7-4668-BE54-9A1E7A4F7556}") = "Ledger.Activations.Application", "src\Company Activation Context\Ledger.Activations.Application\Ledger.Activations.Application.csproj", "{8400F2EF-B8F6-426D-891F-B84B3468988D}"
EndProject
Project("{9A19103F-16F7-4668-BE54-9A1E7A4F7556}") = "Ledger.Activations.Data", "src\Company Activation Context\Ledger.Activations.Data\Ledger.Activations.Data.csproj", "{AE7E0F45-6F62-4B77-94BA-904C6335FE9A}"
EndProject
Project("{9A19103F-16F7-4668-BE54-9A1E7A4F7556}") = "Ledger.WebApi", "src\Web Apps\Ledger.WebApi\Ledger.WebApi.csproj", "{542D8980-DD34-4438-B600-E492371B169B}"
EndProject
Project("{2150E333-8FDC-42A3-9474-1A3956D46DE8}") = "Web Apps", "Web Apps", "{1F63C585-D231-4CC6-A9D5-5ABB98BFE776}"
EndProject
Project("{2150E333-8FDC-42A3-9474-1A3956D46DE8}") = "CrossCutting", "CrossCutting", "{495DE3C3-43F2-489E-AB2B-E243605A0A55}"
EndProject
Project("{9A19103F-16F7-4668-BE54-9A1E7A4F7556}") = "Ledger.CrossCutting.IoC", "src\CrossCutting\Ledger.CrossCutting.IoC\Ledger.CrossCutting.IoC.csproj", "{0839BB34-37D2-4665-9441-C42F5FDE2F50}"
EndProject
Project("{9A19103F-16F7-4668-BE54-9A1E7A4F7556}") = "Ledger.CrossCutting.Data", "src\CrossCutting\Ledger.CrossCutting.Data\Ledger.CrossCutting.Data.csproj", "{86F12A50-16CE-47E3-BDEA-6785D6AECB7D}"
EndProject
Project("{9A19103F-16F7-4668-BE54-9A1E7A4F7556}") = "Ledger.Shared.IntegrationEvents", "src\Shared Kernel\Ledger.Shared.IntegrationEvents\Ledger.Shared.IntegrationEvents.csproj", "{66B91518-4C38-4F99-81BF-612C03E15559}"
EndProject
Project("{9A19103F-16F7-4668-BE54-9A1E7A4F7556}") = "Ledger.CrossCutting.ServiceBus", "src\CrossCutting\Ledger.CrossCutting.ServiceBus\Ledger.CrossCutting.ServiceBus.csproj", "{852F5ADA-7E91-4F3A-997B-5744BBFB7FF3}"
EndProject
Project("{FAE04EC0-301F-11D3-BF4B-00C04F79EFBC}") = "Ledger.CrossCutting.Identity", "src\CrossCutting\Ledger.CrossCutting.Identity\Ledger.CrossCutting.Identity.csproj", "{46B9BDB5-ECF4-47F2-9D36-F96A4E8AD25A}"
EndProject
Global
	GlobalSection(SolutionConfigurationPlatforms) = preSolution
		Debug|Any CPU = Debug|Any CPU
		Release|Any CPU = Release|Any CPU
	EndGlobalSection
	GlobalSection(ProjectConfigurationPlatforms) = postSolution
		{5494EB22-68EF-41A0-879F-CD74AFB92321}.Debug|Any CPU.ActiveCfg = Debug|Any CPU
		{5494EB22-68EF-41A0-879F-CD74AFB92321}.Debug|Any CPU.Build.0 = Debug|Any CPU
		{5494EB22-68EF-41A0-879F-CD74AFB92321}.Release|Any CPU.ActiveCfg = Release|Any CPU
		{5494EB22-68EF-41A0-879F-CD74AFB92321}.Release|Any CPU.Build.0 = Release|Any CPU
		{D42BC63E-E33E-4556-B009-923F9E068D54}.Debug|Any CPU.ActiveCfg = Debug|Any CPU
		{D42BC63E-E33E-4556-B009-923F9E068D54}.Debug|Any CPU.Build.0 = Debug|Any CPU
		{D42BC63E-E33E-4556-B009-923F9E068D54}.Release|Any CPU.ActiveCfg = Release|Any CPU
		{D42BC63E-E33E-4556-B009-923F9E068D54}.Release|Any CPU.Build.0 = Release|Any CPU
		{1662392A-47F5-436C-861F-75294708618F}.Debug|Any CPU.ActiveCfg = Debug|Any CPU
		{1662392A-47F5-436C-861F-75294708618F}.Debug|Any CPU.Build.0 = Debug|Any CPU
		{1662392A-47F5-436C-861F-75294708618F}.Release|Any CPU.ActiveCfg = Release|Any CPU
		{1662392A-47F5-436C-861F-75294708618F}.Release|Any CPU.Build.0 = Release|Any CPU
		{70F3DD70-0BD6-49B1-98D0-0A7FE731B636}.Debug|Any CPU.ActiveCfg = Debug|Any CPU
		{70F3DD70-0BD6-49B1-98D0-0A7FE731B636}.Debug|Any CPU.Build.0 = Debug|Any CPU
		{70F3DD70-0BD6-49B1-98D0-0A7FE731B636}.Release|Any CPU.ActiveCfg = Release|Any CPU
		{70F3DD70-0BD6-49B1-98D0-0A7FE731B636}.Release|Any CPU.Build.0 = Release|Any CPU
		{283646F2-7485-46A0-BF88-E3947F5781C2}.Debug|Any CPU.ActiveCfg = Debug|Any CPU
		{283646F2-7485-46A0-BF88-E3947F5781C2}.Debug|Any CPU.Build.0 = Debug|Any CPU
		{283646F2-7485-46A0-BF88-E3947F5781C2}.Release|Any CPU.ActiveCfg = Release|Any CPU
		{283646F2-7485-46A0-BF88-E3947F5781C2}.Release|Any CPU.Build.0 = Release|Any CPU
		{897BC4C9-1315-4AA4-9C09-D819DD7EF57B}.Debug|Any CPU.ActiveCfg = Debug|Any CPU
		{897BC4C9-1315-4AA4-9C09-D819DD7EF57B}.Debug|Any CPU.Build.0 = Debug|Any CPU
		{897BC4C9-1315-4AA4-9C09-D819DD7EF57B}.Release|Any CPU.ActiveCfg = Release|Any CPU
		{897BC4C9-1315-4AA4-9C09-D819DD7EF57B}.Release|Any CPU.Build.0 = Release|Any CPU
		{DAAAF050-5B40-4FF2-821D-8D6C7F627CAE}.Debug|Any CPU.ActiveCfg = Debug|Any CPU
		{DAAAF050-5B40-4FF2-821D-8D6C7F627CAE}.Debug|Any CPU.Build.0 = Debug|Any CPU
		{DAAAF050-5B40-4FF2-821D-8D6C7F627CAE}.Release|Any CPU.ActiveCfg = Release|Any CPU
		{DAAAF050-5B40-4FF2-821D-8D6C7F627CAE}.Release|Any CPU.Build.0 = Release|Any CPU
		{8400F2EF-B8F6-426D-891F-B84B3468988D}.Debug|Any CPU.ActiveCfg = Debug|Any CPU
		{8400F2EF-B8F6-426D-891F-B84B3468988D}.Debug|Any CPU.Build.0 = Debug|Any CPU
		{8400F2EF-B8F6-426D-891F-B84B3468988D}.Release|Any CPU.ActiveCfg = Release|Any CPU
		{8400F2EF-B8F6-426D-891F-B84B3468988D}.Release|Any CPU.Build.0 = Release|Any CPU
		{AE7E0F45-6F62-4B77-94BA-904C6335FE9A}.Debug|Any CPU.ActiveCfg = Debug|Any CPU
		{AE7E0F45-6F62-4B77-94BA-904C6335FE9A}.Debug|Any CPU.Build.0 = Debug|Any CPU
		{AE7E0F45-6F62-4B77-94BA-904C6335FE9A}.Release|Any CPU.ActiveCfg = Release|Any CPU
		{AE7E0F45-6F62-4B77-94BA-904C6335FE9A}.Release|Any CPU.Build.0 = Release|Any CPU
		{542D8980-DD34-4438-B600-E492371B169B}.Debug|Any CPU.ActiveCfg = Debug|Any CPU
		{542D8980-DD34-4438-B600-E492371B169B}.Debug|Any CPU.Build.0 = Debug|Any CPU
		{542D8980-DD34-4438-B600-E492371B169B}.Release|Any CPU.ActiveCfg = Release|Any CPU
		{542D8980-DD34-4438-B600-E492371B169B}.Release|Any CPU.Build.0 = Release|Any CPU
		{0839BB34-37D2-4665-9441-C42F5FDE2F50}.Debug|Any CPU.ActiveCfg = Debug|Any CPU
		{0839BB34-37D2-4665-9441-C42F5FDE2F50}.Debug|Any CPU.Build.0 = Debug|Any CPU
		{0839BB34-37D2-4665-9441-C42F5FDE2F50}.Release|Any CPU.ActiveCfg = Release|Any CPU
		{0839BB34-37D2-4665-9441-C42F5FDE2F50}.Release|Any CPU.Build.0 = Release|Any CPU
		{86F12A50-16CE-47E3-BDEA-6785D6AECB7D}.Debug|Any CPU.ActiveCfg = Debug|Any CPU
		{86F12A50-16CE-47E3-BDEA-6785D6AECB7D}.Debug|Any CPU.Build.0 = Debug|Any CPU
		{86F12A50-16CE-47E3-BDEA-6785D6AECB7D}.Release|Any CPU.ActiveCfg = Release|Any CPU
		{86F12A50-16CE-47E3-BDEA-6785D6AECB7D}.Release|Any CPU.Build.0 = Release|Any CPU
		{66B91518-4C38-4F99-81BF-612C03E15559}.Debug|Any CPU.ActiveCfg = Debug|Any CPU
		{66B91518-4C38-4F99-81BF-612C03E15559}.Debug|Any CPU.Build.0 = Debug|Any CPU
		{66B91518-4C38-4F99-81BF-612C03E15559}.Release|Any CPU.ActiveCfg = Release|Any CPU
		{66B91518-4C38-4F99-81BF-612C03E15559}.Release|Any CPU.Build.0 = Release|Any CPU
		{852F5ADA-7E91-4F3A-997B-5744BBFB7FF3}.Debug|Any CPU.ActiveCfg = Debug|Any CPU
		{852F5ADA-7E91-4F3A-997B-5744BBFB7FF3}.Debug|Any CPU.Build.0 = Debug|Any CPU
		{852F5ADA-7E91-4F3A-997B-5744BBFB7FF3}.Release|Any CPU.ActiveCfg = Release|Any CPU
		{852F5ADA-7E91-4F3A-997B-5744BBFB7FF3}.Release|Any CPU.Build.0 = Release|Any CPU
		{46B9BDB5-ECF4-47F2-9D36-F96A4E8AD25A}.Debug|Any CPU.ActiveCfg = Debug|Any CPU
		{46B9BDB5-ECF4-47F2-9D36-F96A4E8AD25A}.Debug|Any CPU.Build.0 = Debug|Any CPU
		{46B9BDB5-ECF4-47F2-9D36-F96A4E8AD25A}.Release|Any CPU.ActiveCfg = Release|Any CPU
		{46B9BDB5-ECF4-47F2-9D36-F96A4E8AD25A}.Release|Any CPU.Build.0 = Release|Any CPU
	EndGlobalSection
	GlobalSection(SolutionProperties) = preSolution
		HideSolutionNode = FALSE
	EndGlobalSection
	GlobalSection(NestedProjects) = preSolution
		{5494EB22-68EF-41A0-879F-CD74AFB92321} = {F68358E8-8797-4ABB-9C50-09FDF74091B5}
		{D42BC63E-E33E-4556-B009-923F9E068D54} = {F68358E8-8797-4ABB-9C50-09FDF74091B5}
		{1662392A-47F5-436C-861F-75294708618F} = {F68358E8-8797-4ABB-9C50-09FDF74091B5}
		{70F3DD70-0BD6-49B1-98D0-0A7FE731B636} = {9CD8EB02-5B29-4940-8912-9DD324AFAD16}
		{283646F2-7485-46A0-BF88-E3947F5781C2} = {F68358E8-8797-4ABB-9C50-09FDF74091B5}
		{897BC4C9-1315-4AA4-9C09-D819DD7EF57B} = {0D386AF9-5537-4081-B9AF-FF95012D202A}
		{DAAAF050-5B40-4FF2-821D-8D6C7F627CAE} = {0D386AF9-5537-4081-B9AF-FF95012D202A}
		{8400F2EF-B8F6-426D-891F-B84B3468988D} = {0D386AF9-5537-4081-B9AF-FF95012D202A}
		{AE7E0F45-6F62-4B77-94BA-904C6335FE9A} = {0D386AF9-5537-4081-B9AF-FF95012D202A}
		{542D8980-DD34-4438-B600-E492371B169B} = {1F63C585-D231-4CC6-A9D5-5ABB98BFE776}
		{0839BB34-37D2-4665-9441-C42F5FDE2F50} = {495DE3C3-43F2-489E-AB2B-E243605A0A55}
		{86F12A50-16CE-47E3-BDEA-6785D6AECB7D} = {495DE3C3-43F2-489E-AB2B-E243605A0A55}
		{66B91518-4C38-4F99-81BF-612C03E15559} = {9CD8EB02-5B29-4940-8912-9DD324AFAD16}
		{852F5ADA-7E91-4F3A-997B-5744BBFB7FF3} = {495DE3C3-43F2-489E-AB2B-E243605A0A55}
		{46B9BDB5-ECF4-47F2-9D36-F96A4E8AD25A} = {495DE3C3-43F2-489E-AB2B-E243605A0A55}
	EndGlobalSection
	GlobalSection(ExtensibilityGlobals) = postSolution
		SolutionGuid = {395E85EF-3430-42A5-9692-61DCA5954711}
	EndGlobalSection
EndGlobal
