
Microsoft Visual Studio Solution File, Format Version 12.00
# Visual Studio 15
VisualStudioVersion = 15.0.27428.2037
MinimumVisualStudioVersion = 10.0.40219.1
Project("{9A19103F-16F7-4668-BE54-9A1E7A4F7556}") = "Ledger.Companies.Domain", "src\Company Data Context\Ledger.Companies.Domain\Ledger.Companies.Domain.csproj", "{5494EB22-68EF-41A0-879F-CD74AFB92321}"
EndProject
Project("{9A19103F-16F7-4668-BE54-9A1E7A4F7556}") = "Ledger.Companies.Data", "src\Company Data Context\Ledger.Companies.Data\Ledger.Companies.Data.csproj", "{D42BC63E-E33E-4556-B009-923F9E068D54}"
EndProject
Project("{9A19103F-16F7-4668-BE54-9A1E7A4F7556}") = "Ledger.Companies.Application", "src\Company Data Context\Ledger.Companies.Application\Ledger.Companies.Application.csproj", "{1662392A-47F5-436C-861F-75294708618F}"
EndProject
Project("{2150E333-8FDC-42A3-9474-1A3956D46DE8}") = "Company Data Context", "Company Data Context", "{F68358E8-8797-4ABB-9C50-09FDF74091B5}"
EndProject
Project("{2150E333-8FDC-42A3-9474-1A3956D46DE8}") = "Shared Kernel", "Shared Kernel", "{9CD8EB02-5B29-4940-8912-9DD324AFAD16}"
EndProject
Project("{9A19103F-16F7-4668-BE54-9A1E7A4F7556}") = "Ledger.Shared", "src\Shared Kernel\Ledger.Shared\Ledger.Shared.csproj", "{70F3DD70-0BD6-49B1-98D0-0A7FE731B636}"
EndProject
Project("{9A19103F-16F7-4668-BE54-9A1E7A4F7556}") = "Ledger.Companies.Tests", "src\Company Data Context\Ledger.Companies.Tests\Ledger.Companies.Tests.csproj", "{283646F2-7485-46A0-BF88-E3947F5781C2}"
EndProject
Project("{2150E333-8FDC-42A3-9474-1A3956D46DE8}") = "Company Activation Context", "Company Activation Context", "{0D386AF9-5537-4081-B9AF-FF95012D202A}"
EndProject
Project("{9A19103F-16F7-4668-BE54-9A1E7A4F7556}") = "Ledger.Activations.Tests", "src\Company Activation Context\Ledger.Activations.Tests\Ledger.Activations.Tests.csproj", "{897BC4C9-1315-4AA4-9C09-D819DD7EF57B}"
EndProject
Project("{9A19103F-16F7-4668-BE54-9A1E7A4F7556}") = "Ledger.Activations.Domain", "src\Company Activation Context\Ledger.Activations.Domain\Ledger.Activations.Domain.csproj", "{DAAAF050-5B40-4FF2-821D-8D6C7F627CAE}"
EndProject
Project("{9A19103F-16F7-4668-BE54-9A1E7A4F7556}") = "Ledger.Activations.Application", "src\Company Activation Context\Ledger.Activations.Application\Ledger.Activations.Application.csproj", "{8400F2EF-B8F6-426D-891F-B84B3468988D}"
EndProject
Project("{9A19103F-16F7-4668-BE54-9A1E7A4F7556}") = "Ledger.Activations.Data", "src\Company Activation Context\Ledger.Activations.Data\Ledger.Activations.Data.csproj", "{AE7E0F45-6F62-4B77-94BA-904C6335FE9A}"
EndProject
Project("{9A19103F-16F7-4668-BE54-9A1E7A4F7556}") = "Ledger.WebApi", "src\Web Apps\Ledger.WebApi\Ledger.WebApi.csproj", "{542D8980-DD34-4438-B600-E492371B169B}"
EndProject
Project("{2150E333-8FDC-42A3-9474-1A3956D46DE8}") = "Web Apps", "Web Apps", "{1F63C585-D231-4CC6-A9D5-5ABB98BFE776}"
EndProject
Project("{2150E333-8FDC-42A3-9474-1A3956D46DE8}") = "CrossCutting", "CrossCutting", "{495DE3C3-43F2-489E-AB2B-E243605A0A55}"
EndProject
Project("{9A19103F-16F7-4668-BE54-9A1E7A4F7556}") = "Ledger.CrossCutting.IoC", "src\CrossCutting\Ledger.CrossCutting.IoC\Ledger.CrossCutting.IoC.csproj", "{0839BB34-37D2-4665-9441-C42F5FDE2F50}"
EndProject
Project("{9A19103F-16F7-4668-BE54-9A1E7A4F7556}") = "Ledger.CrossCutting.Data", "src\CrossCutting\Ledger.CrossCutting.Data\Ledger.CrossCutting.Data.csproj", "{86F12A50-16CE-47E3-BDEA-6785D6AECB7D}"
EndProject
Project("{9A19103F-16F7-4668-BE54-9A1E7A4F7556}") = "Ledger.Shared.IntegrationEvents", "src\Shared Kernel\Ledger.Shared.IntegrationEvents\Ledger.Shared.IntegrationEvents.csproj", "{66B91518-4C38-4F99-81BF-612C03E15559}"
EndProject
Project("{9A19103F-16F7-4668-BE54-9A1E7A4F7556}") = "Ledger.CrossCutting.ServiceBus", "src\CrossCutting\Ledger.CrossCutting.ServiceBus\Ledger.CrossCutting.ServiceBus.csproj", "{852F5ADA-7E91-4F3A-997B-5744BBFB7FF3}"
EndProject
Project("{9A19103F-16F7-4668-BE54-9A1E7A4F7556}") = "Ledger.CrossCutting.EmailService", "src\CrossCutting\Ledger.CrossCutting.EmailService\Ledger.CrossCutting.EmailService.csproj", "{14248366-35FC-4F19-A251-321E3A415234}"
EndProject
Project("{2150E333-8FDC-42A3-9474-1A3956D46DE8}") = "Identity Context", "Identity Context", "{600B39BE-8E49-42DB-AD00-B213DB840BDC}"
EndProject
Project("{9A19103F-16F7-4668-BE54-9A1E7A4F7556}") = "Ledger.Shared.Tests", "src\Shared Kernel\Ledger.Shared.Tests\Ledger.Shared.Tests.csproj", "{24704AD9-1601-4EDF-9D20-8C714BF37090}"
EndProject
Project("{2150E333-8FDC-42A3-9474-1A3956D46DE8}") = "Help Desk Context", "Help Desk Context", "{4B5CC1BD-6BFB-4782-866B-867EA97013D1}"
EndProject
Project("{9A19103F-16F7-4668-BE54-9A1E7A4F7556}") = "Ledger.HelpDesk.Domain", "src\Help Desk Context\Ledger.HelpDesk.Domain\Ledger.HelpDesk.Domain.csproj", "{2EEBDF32-6718-4FC2-8A80-E0A0FFAE1481}"
EndProject
Project("{9A19103F-16F7-4668-BE54-9A1E7A4F7556}") = "Ledger.HelpDesk.Data", "src\Help Desk Context\Ledger.HelpDesk.Data\Ledger.HelpDesk.Data.csproj", "{34FCCC4D-7615-4432-9F83-D2D1E7A1C215}"
EndProject
Project("{9A19103F-16F7-4668-BE54-9A1E7A4F7556}") = "Ledger.HelpDesk.Application", "src\Help Desk Context\Ledger.HelpDesk.Application\Ledger.HelpDesk.Application.csproj", "{C8BDA723-F97A-4B85-8C29-846E993A6281}"
EndProject
Project("{9A19103F-16F7-4668-BE54-9A1E7A4F7556}") = "Ledger.HelpDesk.Tests", "src\Help Desk Context\Ledger.HelpDesk.Tests\Ledger.HelpDesk.Tests.csproj", "{0D2CF350-B9E4-4EA7-85F3-2575834E3AE1}"
EndProject
Project("{9A19103F-16F7-4668-BE54-9A1E7A4F7556}") = "Ledger.Shared.Locations", "src\Shared Kernel\Ledger.Shared.Locations\Ledger.Shared.Locations.csproj", "{226EE2ED-A146-460A-A8EA-E9D55D268FC1}"
EndProject
Project("{9A19103F-16F7-4668-BE54-9A1E7A4F7556}") = "Ledger.CrossCutting.Storage", "src\CrossCutting\Ledger.CrossCutting.Storage\Ledger.CrossCutting.Storage.csproj", "{B23CA73F-234E-47C6-8958-C8BBE9BDC9C0}"
EndProject
Project("{2150E333-8FDC-42A3-9474-1A3956D46DE8}") = "Solution Items", "Solution Items", "{EE41A71A-8646-4400-A831-52B1AB29F1F2}"
	ProjectSection(SolutionItems) = preProject
		.gitattributes = .gitattributes
		.gitignore = .gitignore
		README.md = README.md
	EndProjectSection
EndProject
Project("{2150E333-8FDC-42A3-9474-1A3956D46DE8}") = "Ordering Context", "Ordering Context", "{7042914D-D0C8-4841-B9AD-2788C0DBAFCB}"
	ProjectSection(SolutionItems) = preProject
		src\Ordering Context\readme.txt = src\Ordering Context\readme.txt
	EndProjectSection
EndProject
Project("{2150E333-8FDC-42A3-9474-1A3956D46DE8}") = "Blogging Context", "Blogging Context", "{C2571218-ABEE-4846-812F-00D10E14FF9C}"
EndProject
Project("{9A19103F-16F7-4668-BE54-9A1E7A4F7556}") = "Ledger.Blog.Domain", "src\Blogging Context\Ledger.Blog.Domain\Ledger.Blog.Domain.csproj", "{21C9E3FF-65DF-43B6-8130-8B2CB8C556FD}"
EndProject
Project("{9A19103F-16F7-4668-BE54-9A1E7A4F7556}") = "Ledger.Blog.Tests", "src\Blogging Context\Ledger.Blog.Tests\Ledger.Blog.Tests.csproj", "{742F9DAD-BBFE-4288-8598-B53BE2AA9CB2}"
EndProject
Project("{9A19103F-16F7-4668-BE54-9A1E7A4F7556}") = "Ledger.Blog.Application", "src\Blogging Context\Ledger.Blog.Application\Ledger.Blog.Application.csproj", "{4D862995-D8A0-4839-A393-0640A3309E2F}"
EndProject
Project("{9A19103F-16F7-4668-BE54-9A1E7A4F7556}") = "Ledger.Blog.Data", "src\Blogging Context\Ledger.Blog.Data\Ledger.Blog.Data.csproj", "{8F24137C-D685-4B25-B897-5F1DB1939609}"
EndProject
Project("{9A19103F-16F7-4668-BE54-9A1E7A4F7556}") = "Ledger.Identity.Application", "src\Shared Kernel\Identity Context\Ledger.Identity.Application\Ledger.Identity.Application.csproj", "{48965DC4-D297-4C8B-86F7-DDEC09115096}"
EndProject
Project("{9A19103F-16F7-4668-BE54-9A1E7A4F7556}") = "Ledger.Identity.Data", "src\Shared Kernel\Identity Context\Ledger.Identity.Data\Ledger.Identity.Data.csproj", "{2EBBE0AC-863A-4135-93C3-6A4A77A89812}"
EndProject
Project("{9A19103F-16F7-4668-BE54-9A1E7A4F7556}") = "Ledger.Identity.Domain", "src\Shared Kernel\Identity Context\Ledger.Identity.Domain\Ledger.Identity.Domain.csproj", "{0C7F44ED-5732-4A54-AF3A-523F90571A8A}"
EndProject
Global
	GlobalSection(SolutionConfigurationPlatforms) = preSolution
		Debug|Any CPU = Debug|Any CPU
		Release|Any CPU = Release|Any CPU
	EndGlobalSection
	GlobalSection(ProjectConfigurationPlatforms) = postSolution
		{5494EB22-68EF-41A0-879F-CD74AFB92321}.Debug|Any CPU.ActiveCfg = Debug|Any CPU
		{5494EB22-68EF-41A0-879F-CD74AFB92321}.Debug|Any CPU.Build.0 = Debug|Any CPU
		{5494EB22-68EF-41A0-879F-CD74AFB92321}.Release|Any CPU.ActiveCfg = Release|Any CPU
		{5494EB22-68EF-41A0-879F-CD74AFB92321}.Release|Any CPU.Build.0 = Release|Any CPU
		{D42BC63E-E33E-4556-B009-923F9E068D54}.Debug|Any CPU.ActiveCfg = Debug|Any CPU
		{D42BC63E-E33E-4556-B009-923F9E068D54}.Debug|Any CPU.Build.0 = Debug|Any CPU
		{D42BC63E-E33E-4556-B009-923F9E068D54}.Release|Any CPU.ActiveCfg = Release|Any CPU
		{D42BC63E-E33E-4556-B009-923F9E068D54}.Release|Any CPU.Build.0 = Release|Any CPU
		{1662392A-47F5-436C-861F-75294708618F}.Debug|Any CPU.ActiveCfg = Debug|Any CPU
		{1662392A-47F5-436C-861F-75294708618F}.Debug|Any CPU.Build.0 = Debug|Any CPU
		{1662392A-47F5-436C-861F-75294708618F}.Release|Any CPU.ActiveCfg = Release|Any CPU
		{1662392A-47F5-436C-861F-75294708618F}.Release|Any CPU.Build.0 = Release|Any CPU
		{70F3DD70-0BD6-49B1-98D0-0A7FE731B636}.Debug|Any CPU.ActiveCfg = Debug|Any CPU
		{70F3DD70-0BD6-49B1-98D0-0A7FE731B636}.Debug|Any CPU.Build.0 = Debug|Any CPU
		{70F3DD70-0BD6-49B1-98D0-0A7FE731B636}.Release|Any CPU.ActiveCfg = Release|Any CPU
		{70F3DD70-0BD6-49B1-98D0-0A7FE731B636}.Release|Any CPU.Build.0 = Release|Any CPU
		{283646F2-7485-46A0-BF88-E3947F5781C2}.Debug|Any CPU.ActiveCfg = Debug|Any CPU
		{283646F2-7485-46A0-BF88-E3947F5781C2}.Debug|Any CPU.Build.0 = Debug|Any CPU
		{283646F2-7485-46A0-BF88-E3947F5781C2}.Release|Any CPU.ActiveCfg = Release|Any CPU
		{283646F2-7485-46A0-BF88-E3947F5781C2}.Release|Any CPU.Build.0 = Release|Any CPU
		{897BC4C9-1315-4AA4-9C09-D819DD7EF57B}.Debug|Any CPU.ActiveCfg = Debug|Any CPU
		{897BC4C9-1315-4AA4-9C09-D819DD7EF57B}.Debug|Any CPU.Build.0 = Debug|Any CPU
		{897BC4C9-1315-4AA4-9C09-D819DD7EF57B}.Release|Any CPU.ActiveCfg = Release|Any CPU
		{897BC4C9-1315-4AA4-9C09-D819DD7EF57B}.Release|Any CPU.Build.0 = Release|Any CPU
		{DAAAF050-5B40-4FF2-821D-8D6C7F627CAE}.Debug|Any CPU.ActiveCfg = Debug|Any CPU
		{DAAAF050-5B40-4FF2-821D-8D6C7F627CAE}.Debug|Any CPU.Build.0 = Debug|Any CPU
		{DAAAF050-5B40-4FF2-821D-8D6C7F627CAE}.Release|Any CPU.ActiveCfg = Release|Any CPU
		{DAAAF050-5B40-4FF2-821D-8D6C7F627CAE}.Release|Any CPU.Build.0 = Release|Any CPU
		{8400F2EF-B8F6-426D-891F-B84B3468988D}.Debug|Any CPU.ActiveCfg = Debug|Any CPU
		{8400F2EF-B8F6-426D-891F-B84B3468988D}.Debug|Any CPU.Build.0 = Debug|Any CPU
		{8400F2EF-B8F6-426D-891F-B84B3468988D}.Release|Any CPU.ActiveCfg = Release|Any CPU
		{8400F2EF-B8F6-426D-891F-B84B3468988D}.Release|Any CPU.Build.0 = Release|Any CPU
		{AE7E0F45-6F62-4B77-94BA-904C6335FE9A}.Debug|Any CPU.ActiveCfg = Debug|Any CPU
		{AE7E0F45-6F62-4B77-94BA-904C6335FE9A}.Debug|Any CPU.Build.0 = Debug|Any CPU
		{AE7E0F45-6F62-4B77-94BA-904C6335FE9A}.Release|Any CPU.ActiveCfg = Release|Any CPU
		{AE7E0F45-6F62-4B77-94BA-904C6335FE9A}.Release|Any CPU.Build.0 = Release|Any CPU
		{542D8980-DD34-4438-B600-E492371B169B}.Debug|Any CPU.ActiveCfg = Debug|Any CPU
		{542D8980-DD34-4438-B600-E492371B169B}.Debug|Any CPU.Build.0 = Debug|Any CPU
		{542D8980-DD34-4438-B600-E492371B169B}.Release|Any CPU.ActiveCfg = Release|Any CPU
		{542D8980-DD34-4438-B600-E492371B169B}.Release|Any CPU.Build.0 = Release|Any CPU
		{0839BB34-37D2-4665-9441-C42F5FDE2F50}.Debug|Any CPU.ActiveCfg = Debug|Any CPU
		{0839BB34-37D2-4665-9441-C42F5FDE2F50}.Debug|Any CPU.Build.0 = Debug|Any CPU
		{0839BB34-37D2-4665-9441-C42F5FDE2F50}.Release|Any CPU.ActiveCfg = Release|Any CPU
		{0839BB34-37D2-4665-9441-C42F5FDE2F50}.Release|Any CPU.Build.0 = Release|Any CPU
		{86F12A50-16CE-47E3-BDEA-6785D6AECB7D}.Debug|Any CPU.ActiveCfg = Debug|Any CPU
		{86F12A50-16CE-47E3-BDEA-6785D6AECB7D}.Debug|Any CPU.Build.0 = Debug|Any CPU
		{86F12A50-16CE-47E3-BDEA-6785D6AECB7D}.Release|Any CPU.ActiveCfg = Release|Any CPU
		{86F12A50-16CE-47E3-BDEA-6785D6AECB7D}.Release|Any CPU.Build.0 = Release|Any CPU
		{66B91518-4C38-4F99-81BF-612C03E15559}.Debug|Any CPU.ActiveCfg = Debug|Any CPU
		{66B91518-4C38-4F99-81BF-612C03E15559}.Debug|Any CPU.Build.0 = Debug|Any CPU
		{66B91518-4C38-4F99-81BF-612C03E15559}.Release|Any CPU.ActiveCfg = Release|Any CPU
		{66B91518-4C38-4F99-81BF-612C03E15559}.Release|Any CPU.Build.0 = Release|Any CPU
		{852F5ADA-7E91-4F3A-997B-5744BBFB7FF3}.Debug|Any CPU.ActiveCfg = Debug|Any CPU
		{852F5ADA-7E91-4F3A-997B-5744BBFB7FF3}.Debug|Any CPU.Build.0 = Debug|Any CPU
		{852F5ADA-7E91-4F3A-997B-5744BBFB7FF3}.Release|Any CPU.ActiveCfg = Release|Any CPU
		{852F5ADA-7E91-4F3A-997B-5744BBFB7FF3}.Release|Any CPU.Build.0 = Release|Any CPU
		{14248366-35FC-4F19-A251-321E3A415234}.Debug|Any CPU.ActiveCfg = Debug|Any CPU
		{14248366-35FC-4F19-A251-321E3A415234}.Debug|Any CPU.Build.0 = Debug|Any CPU
		{14248366-35FC-4F19-A251-321E3A415234}.Release|Any CPU.ActiveCfg = Release|Any CPU
		{14248366-35FC-4F19-A251-321E3A415234}.Release|Any CPU.Build.0 = Release|Any CPU
		{24704AD9-1601-4EDF-9D20-8C714BF37090}.Debug|Any CPU.ActiveCfg = Debug|Any CPU
		{24704AD9-1601-4EDF-9D20-8C714BF37090}.Debug|Any CPU.Build.0 = Debug|Any CPU
		{24704AD9-1601-4EDF-9D20-8C714BF37090}.Release|Any CPU.ActiveCfg = Release|Any CPU
		{24704AD9-1601-4EDF-9D20-8C714BF37090}.Release|Any CPU.Build.0 = Release|Any CPU
		{2EEBDF32-6718-4FC2-8A80-E0A0FFAE1481}.Debug|Any CPU.ActiveCfg = Debug|Any CPU
		{2EEBDF32-6718-4FC2-8A80-E0A0FFAE1481}.Debug|Any CPU.Build.0 = Debug|Any CPU
		{2EEBDF32-6718-4FC2-8A80-E0A0FFAE1481}.Release|Any CPU.ActiveCfg = Release|Any CPU
		{2EEBDF32-6718-4FC2-8A80-E0A0FFAE1481}.Release|Any CPU.Build.0 = Release|Any CPU
		{34FCCC4D-7615-4432-9F83-D2D1E7A1C215}.Debug|Any CPU.ActiveCfg = Debug|Any CPU
		{34FCCC4D-7615-4432-9F83-D2D1E7A1C215}.Debug|Any CPU.Build.0 = Debug|Any CPU
		{34FCCC4D-7615-4432-9F83-D2D1E7A1C215}.Release|Any CPU.ActiveCfg = Release|Any CPU
		{34FCCC4D-7615-4432-9F83-D2D1E7A1C215}.Release|Any CPU.Build.0 = Release|Any CPU
		{C8BDA723-F97A-4B85-8C29-846E993A6281}.Debug|Any CPU.ActiveCfg = Debug|Any CPU
		{C8BDA723-F97A-4B85-8C29-846E993A6281}.Debug|Any CPU.Build.0 = Debug|Any CPU
		{C8BDA723-F97A-4B85-8C29-846E993A6281}.Release|Any CPU.ActiveCfg = Release|Any CPU
		{C8BDA723-F97A-4B85-8C29-846E993A6281}.Release|Any CPU.Build.0 = Release|Any CPU
		{0D2CF350-B9E4-4EA7-85F3-2575834E3AE1}.Debug|Any CPU.ActiveCfg = Debug|Any CPU
		{0D2CF350-B9E4-4EA7-85F3-2575834E3AE1}.Debug|Any CPU.Build.0 = Debug|Any CPU
		{0D2CF350-B9E4-4EA7-85F3-2575834E3AE1}.Release|Any CPU.ActiveCfg = Release|Any CPU
		{0D2CF350-B9E4-4EA7-85F3-2575834E3AE1}.Release|Any CPU.Build.0 = Release|Any CPU
		{226EE2ED-A146-460A-A8EA-E9D55D268FC1}.Debug|Any CPU.ActiveCfg = Debug|Any CPU
		{226EE2ED-A146-460A-A8EA-E9D55D268FC1}.Debug|Any CPU.Build.0 = Debug|Any CPU
		{226EE2ED-A146-460A-A8EA-E9D55D268FC1}.Release|Any CPU.ActiveCfg = Release|Any CPU
		{226EE2ED-A146-460A-A8EA-E9D55D268FC1}.Release|Any CPU.Build.0 = Release|Any CPU
		{B23CA73F-234E-47C6-8958-C8BBE9BDC9C0}.Debug|Any CPU.ActiveCfg = Debug|Any CPU
		{B23CA73F-234E-47C6-8958-C8BBE9BDC9C0}.Debug|Any CPU.Build.0 = Debug|Any CPU
		{B23CA73F-234E-47C6-8958-C8BBE9BDC9C0}.Release|Any CPU.ActiveCfg = Release|Any CPU
		{B23CA73F-234E-47C6-8958-C8BBE9BDC9C0}.Release|Any CPU.Build.0 = Release|Any CPU
		{21C9E3FF-65DF-43B6-8130-8B2CB8C556FD}.Debug|Any CPU.ActiveCfg = Debug|Any CPU
		{21C9E3FF-65DF-43B6-8130-8B2CB8C556FD}.Debug|Any CPU.Build.0 = Debug|Any CPU
		{21C9E3FF-65DF-43B6-8130-8B2CB8C556FD}.Release|Any CPU.ActiveCfg = Release|Any CPU
		{21C9E3FF-65DF-43B6-8130-8B2CB8C556FD}.Release|Any CPU.Build.0 = Release|Any CPU
		{742F9DAD-BBFE-4288-8598-B53BE2AA9CB2}.Debug|Any CPU.ActiveCfg = Debug|Any CPU
		{742F9DAD-BBFE-4288-8598-B53BE2AA9CB2}.Debug|Any CPU.Build.0 = Debug|Any CPU
		{742F9DAD-BBFE-4288-8598-B53BE2AA9CB2}.Release|Any CPU.ActiveCfg = Release|Any CPU
		{742F9DAD-BBFE-4288-8598-B53BE2AA9CB2}.Release|Any CPU.Build.0 = Release|Any CPU
		{4D862995-D8A0-4839-A393-0640A3309E2F}.Debug|Any CPU.ActiveCfg = Debug|Any CPU
		{4D862995-D8A0-4839-A393-0640A3309E2F}.Debug|Any CPU.Build.0 = Debug|Any CPU
		{4D862995-D8A0-4839-A393-0640A3309E2F}.Release|Any CPU.ActiveCfg = Release|Any CPU
		{4D862995-D8A0-4839-A393-0640A3309E2F}.Release|Any CPU.Build.0 = Release|Any CPU
		{8F24137C-D685-4B25-B897-5F1DB1939609}.Debug|Any CPU.ActiveCfg = Debug|Any CPU
		{8F24137C-D685-4B25-B897-5F1DB1939609}.Debug|Any CPU.Build.0 = Debug|Any CPU
		{8F24137C-D685-4B25-B897-5F1DB1939609}.Release|Any CPU.ActiveCfg = Release|Any CPU
		{8F24137C-D685-4B25-B897-5F1DB1939609}.Release|Any CPU.Build.0 = Release|Any CPU
		{48965DC4-D297-4C8B-86F7-DDEC09115096}.Debug|Any CPU.ActiveCfg = Debug|Any CPU
		{48965DC4-D297-4C8B-86F7-DDEC09115096}.Debug|Any CPU.Build.0 = Debug|Any CPU
		{48965DC4-D297-4C8B-86F7-DDEC09115096}.Release|Any CPU.ActiveCfg = Release|Any CPU
		{48965DC4-D297-4C8B-86F7-DDEC09115096}.Release|Any CPU.Build.0 = Release|Any CPU
		{2EBBE0AC-863A-4135-93C3-6A4A77A89812}.Debug|Any CPU.ActiveCfg = Debug|Any CPU
		{2EBBE0AC-863A-4135-93C3-6A4A77A89812}.Debug|Any CPU.Build.0 = Debug|Any CPU
		{2EBBE0AC-863A-4135-93C3-6A4A77A89812}.Release|Any CPU.ActiveCfg = Release|Any CPU
		{2EBBE0AC-863A-4135-93C3-6A4A77A89812}.Release|Any CPU.Build.0 = Release|Any CPU
		{0C7F44ED-5732-4A54-AF3A-523F90571A8A}.Debug|Any CPU.ActiveCfg = Debug|Any CPU
		{0C7F44ED-5732-4A54-AF3A-523F90571A8A}.Debug|Any CPU.Build.0 = Debug|Any CPU
		{0C7F44ED-5732-4A54-AF3A-523F90571A8A}.Release|Any CPU.ActiveCfg = Release|Any CPU
		{0C7F44ED-5732-4A54-AF3A-523F90571A8A}.Release|Any CPU.Build.0 = Release|Any CPU
	EndGlobalSection
	GlobalSection(SolutionProperties) = preSolution
		HideSolutionNode = FALSE
	EndGlobalSection
	GlobalSection(NestedProjects) = preSolution
		{5494EB22-68EF-41A0-879F-CD74AFB92321} = {F68358E8-8797-4ABB-9C50-09FDF74091B5}
		{D42BC63E-E33E-4556-B009-923F9E068D54} = {F68358E8-8797-4ABB-9C50-09FDF74091B5}
		{1662392A-47F5-436C-861F-75294708618F} = {F68358E8-8797-4ABB-9C50-09FDF74091B5}
		{70F3DD70-0BD6-49B1-98D0-0A7FE731B636} = {9CD8EB02-5B29-4940-8912-9DD324AFAD16}
		{283646F2-7485-46A0-BF88-E3947F5781C2} = {F68358E8-8797-4ABB-9C50-09FDF74091B5}
		{897BC4C9-1315-4AA4-9C09-D819DD7EF57B} = {0D386AF9-5537-4081-B9AF-FF95012D202A}
		{DAAAF050-5B40-4FF2-821D-8D6C7F627CAE} = {0D386AF9-5537-4081-B9AF-FF95012D202A}
		{8400F2EF-B8F6-426D-891F-B84B3468988D} = {0D386AF9-5537-4081-B9AF-FF95012D202A}
		{AE7E0F45-6F62-4B77-94BA-904C6335FE9A} = {0D386AF9-5537-4081-B9AF-FF95012D202A}
		{542D8980-DD34-4438-B600-E492371B169B} = {1F63C585-D231-4CC6-A9D5-5ABB98BFE776}
		{0839BB34-37D2-4665-9441-C42F5FDE2F50} = {495DE3C3-43F2-489E-AB2B-E243605A0A55}
		{86F12A50-16CE-47E3-BDEA-6785D6AECB7D} = {495DE3C3-43F2-489E-AB2B-E243605A0A55}
		{66B91518-4C38-4F99-81BF-612C03E15559} = {9CD8EB02-5B29-4940-8912-9DD324AFAD16}
		{852F5ADA-7E91-4F3A-997B-5744BBFB7FF3} = {495DE3C3-43F2-489E-AB2B-E243605A0A55}
		{14248366-35FC-4F19-A251-321E3A415234} = {495DE3C3-43F2-489E-AB2B-E243605A0A55}
		{600B39BE-8E49-42DB-AD00-B213DB840BDC} = {9CD8EB02-5B29-4940-8912-9DD324AFAD16}
		{24704AD9-1601-4EDF-9D20-8C714BF37090} = {9CD8EB02-5B29-4940-8912-9DD324AFAD16}
		{2EEBDF32-6718-4FC2-8A80-E0A0FFAE1481} = {4B5CC1BD-6BFB-4782-866B-867EA97013D1}
		{34FCCC4D-7615-4432-9F83-D2D1E7A1C215} = {4B5CC1BD-6BFB-4782-866B-867EA97013D1}
		{C8BDA723-F97A-4B85-8C29-846E993A6281} = {4B5CC1BD-6BFB-4782-866B-867EA97013D1}
		{0D2CF350-B9E4-4EA7-85F3-2575834E3AE1} = {4B5CC1BD-6BFB-4782-866B-867EA97013D1}
		{226EE2ED-A146-460A-A8EA-E9D55D268FC1} = {9CD8EB02-5B29-4940-8912-9DD324AFAD16}
		{B23CA73F-234E-47C6-8958-C8BBE9BDC9C0} = {495DE3C3-43F2-489E-AB2B-E243605A0A55}
		{21C9E3FF-65DF-43B6-8130-8B2CB8C556FD} = {C2571218-ABEE-4846-812F-00D10E14FF9C}
		{742F9DAD-BBFE-4288-8598-B53BE2AA9CB2} = {C2571218-ABEE-4846-812F-00D10E14FF9C}
		{4D862995-D8A0-4839-A393-0640A3309E2F} = {C2571218-ABEE-4846-812F-00D10E14FF9C}
		{8F24137C-D685-4B25-B897-5F1DB1939609} = {C2571218-ABEE-4846-812F-00D10E14FF9C}
		{48965DC4-D297-4C8B-86F7-DDEC09115096} = {600B39BE-8E49-42DB-AD00-B213DB840BDC}
		{2EBBE0AC-863A-4135-93C3-6A4A77A89812} = {600B39BE-8E49-42DB-AD00-B213DB840BDC}
		{0C7F44ED-5732-4A54-AF3A-523F90571A8A} = {600B39BE-8E49-42DB-AD00-B213DB840BDC}
	EndGlobalSection
	GlobalSection(ExtensibilityGlobals) = postSolution
		SolutionGuid = {395E85EF-3430-42A5-9692-61DCA5954711}
	EndGlobalSection
EndGlobal
